[[package]]
name = "maplit"
version = "1.0.0"
source = "registry+https://github.com/rust-lang/crates.io-index"

[[package]]
name = "rs2py"
version = "0.1.0"
dependencies = [
 "maplit 1.0.0 (registry+https://github.com/rust-lang/crates.io-index)",
]

[metadata]
"checksum maplit 1.0.0 (registry+https://github.com/rust-lang/crates.io-index)" = "5ed95049d40b8a1a7691adbabca028ad481f7e6a2921ce4846e1ee168b4e4ca5"
